<?xml version="1.0" encoding="utf-8"?>
<Project ToolsVersion="4.0" xmlns="http://schemas.microsoft.com/developer/msbuild/2003">
  <ItemGroup>
    <Filter Include="Quelldateien">
      <UniqueIdentifier>{4FC737F1-C7A5-4376-A066-2A32D752A2FF}</UniqueIdentifier>
      <Extensions>cpp;c;cc;cxx;def;odl;idl;hpj;bat;asm;asmx</Extensions>
    </Filter>
    <Filter Include="Headerdateien">
      <UniqueIdentifier>{93995380-89BD-4b04-88EB-625FBE52EBFB}</UniqueIdentifier>
      <Extensions>h;hpp;hxx;hm;inl;inc;xsd</Extensions>
    </Filter>
    <Filter Include="Ressourcendateien">
      <UniqueIdentifier>{67DA6AB6-F800-4c08-8B7A-83BB121AAD01}</UniqueIdentifier>
      <Extensions>rc;ico;cur;bmp;dlg;rc2;rct;bin;rgs;gif;jpg;jpeg;jpe;resx;tiff;tif;png;wav;mfcribbon-ms</Extensions>
    </Filter>
  </ItemGroup>
  <ItemGroup>
    <ClInclude Include="resource.h">
      <Filter>Headerdateien</Filter>
    </ClInclude>
    <ClInclude Include="Main.h">
      <Filter>Headerdateien</Filter>
    </ClInclude>
    <ClInclude Include="Allegris.h">
      <Filter>Headerdateien</Filter>
    </ClInclude>
    <ClInclude Include="Player.h">
      <Filter>Headerdateien</Filter>
    </ClInclude>
    <ClInclude Include="GameObject.h">
      <Filter>Headerdateien</Filter>
    </ClInclude>
    <ClInclude Include="Block.h">
      <Filter>Headerdateien</Filter>
    </ClInclude>
    <ClInclude Include="BlockLine.h">
      <Filter>Headerdateien</Filter>
    </ClInclude>
    <ClInclude Include="BlockPart.h">
      <Filter>Headerdateien</Filter>
    </ClInclude>
    <ClInclude Include="Coordinate.h">
      <Filter>Headerdateien</Filter>
    </ClInclude>
    <ClInclude Include="globals.h">
      <Filter>Headerdateien</Filter>
    </ClInclude>
    <ClInclude Include="Game.h">
      <Filter>Headerdateien</Filter>
    </ClInclude>
    <ClInclude Include="GameMenu.h">
      <Filter>Headerdateien</Filter>
    </ClInclude>
    <ClInclude Include="GameState.h">
      <Filter>Headerdateien</Filter>
    </ClInclude>
    <ClInclude Include="HighScore.h">
      <Filter>Headerdateien</Filter>
    </ClInclude>
    <ClInclude Include="ObjectComponent.h">
      <Filter>Headerdateien</Filter>
    </ClInclude>
    <ClInclude Include="BlockPartGraphics.h">
      <Filter>Headerdateien</Filter>
    </ClInclude>
    <ClInclude Include="GraphicsComponent.h">
      <Filter>Headerdateien</Filter>
    </ClInclude>
    <ClInclude Include="GameWindow.h">
      <Filter>Headerdateien</Filter>
    </ClInclude>
    <ClInclude Include="Block_L.h">
      <Filter>Headerdateien</Filter>
    </ClInclude>
    <ClInclude Include="BlockFactory.h">
      <Filter>Headerdateien</Filter>
    </ClInclude>
    <ClInclude Include="PlayingField.h">
      <Filter>Headerdateien</Filter>
    </ClInclude>
    <ClInclude Include="Block_O.h">
      <Filter>Headerdateien</Filter>
    </ClInclude>
    <ClInclude Include="Block_L_Mirrored.h">
      <Filter>Headerdateien</Filter>
    </ClInclude>
    <ClInclude Include="Block_S.h">
      <Filter>Headerdateien</Filter>
    </ClInclude>
    <ClInclude Include="Block_S_Mirrored.h">
      <Filter>Headerdateien</Filter>
    </ClInclude>
    <ClInclude Include="Block_I.h">
      <Filter>Headerdateien</Filter>
    </ClInclude>
    <ClInclude Include="Block_T.h">
      <Filter>Headerdateien</Filter>
    </ClInclude>
    <ClInclude Include="BlockPartGraphics_Red.h">
      <Filter>Headerdateien</Filter>
    </ClInclude>
    <ClInclude Include="BlockPartGraphics_Blue.h">
      <Filter>Headerdateien</Filter>
    </ClInclude>
    <ClInclude Include="BlockPartGraphics_Green.h">
      <Filter>Headerdateien</Filter>
    </ClInclude>
    <ClInclude Include="BlockPartGraphics_Yellow.h">
      <Filter>Headerdateien</Filter>
    </ClInclude>
    <ClInclude Include="BlockPartGraphics_Cyan.h">
      <Filter>Headerdateien</Filter>
    </ClInclude>
    <ClInclude Include="BlockPartGraphics_Magenta.h">
      <Filter>Headerdateien</Filter>
    </ClInclude>
    <ClInclude Include="PreviewWindow.h">
      <Filter>Headerdateien</Filter>
    </ClInclude>
    <ClInclude Include="PreviewWindowGraphics.h">
      <Filter>Headerdateien</Filter>
    </ClInclude>
  </ItemGroup>
  <ItemGroup>
    <ResourceCompile Include="Allegris 2.rc">
      <Filter>Ressourcendateien</Filter>
    </ResourceCompile>
  </ItemGroup>
  <ItemGroup>
    <ClCompile Include="Main.cpp">
      <Filter>Quelldateien</Filter>
    </ClCompile>
    <ClCompile Include="Allegris.cpp">
      <Filter>Quelldateien</Filter>
    </ClCompile>
    <ClCompile Include="Player.cpp">
      <Filter>Quelldateien</Filter>
    </ClCompile>
    <ClCompile Include="GameObject.cpp">
      <Filter>Quelldateien</Filter>
    </ClCompile>
    <ClCompile Include="Block.cpp">
      <Filter>Quelldateien</Filter>
    </ClCompile>
    <ClCompile Include="BlockLine.cpp">
      <Filter>Quelldateien</Filter>
    </ClCompile>
    <ClCompile Include="BlockPart.cpp">
      <Filter>Quelldateien</Filter>
    </ClCompile>
    <ClCompile Include="Coordinate.cpp">
      <Filter>Quelldateien</Filter>
    </ClCompile>
    <ClCompile Include="Game.cpp">
      <Filter>Quelldateien</Filter>
    </ClCompile>
    <ClCompile Include="GameMenu.cpp">
      <Filter>Quelldateien</Filter>
    </ClCompile>
    <ClCompile Include="GameState.cpp">
      <Filter>Quelldateien</Filter>
    </ClCompile>
    <ClCompile Include="HighScore.cpp">
      <Filter>Quelldateien</Filter>
    </ClCompile>
    <ClCompile Include="ObjectComponent.cpp">
      <Filter>Quelldateien</Filter>
    </ClCompile>
    <ClCompile Include="BlockPartGraphics.cpp">
      <Filter>Quelldateien</Filter>
    </ClCompile>
    <ClCompile Include="GraphicsComponent.cpp">
      <Filter>Quelldateien</Filter>
    </ClCompile>
    <ClCompile Include="GameWindow.cpp">
      <Filter>Quelldateien</Filter>
    </ClCompile>
    <ClCompile Include="Block_L.cpp">
      <Filter>Quelldateien</Filter>
    </ClCompile>
    <ClCompile Include="BlockFactory.cpp">
      <Filter>Quelldateien</Filter>
    </ClCompile>
    <ClCompile Include="PlayingField.cpp">
      <Filter>Quelldateien</Filter>
    </ClCompile>
    <ClCompile Include="Block_O.cpp">
      <Filter>Quelldateien</Filter>
    </ClCompile>
    <ClCompile Include="Block_L_Mirrored.cpp">
      <Filter>Quelldateien</Filter>
    </ClCompile>
    <ClCompile Include="Block_S.cpp">
      <Filter>Quelldateien</Filter>
    </ClCompile>
    <ClCompile Include="Block_S_Mirrored.cpp">
      <Filter>Quelldateien</Filter>
    </ClCompile>
    <ClCompile Include="Block_I.cpp">
      <Filter>Quelldateien</Filter>
    </ClCompile>
    <ClCompile Include="Block_T.cpp">
      <Filter>Quelldateien</Filter>
    </ClCompile>
    <ClCompile Include="BlockPartGraphics_Red.cpp">
      <Filter>Quelldateien</Filter>
    </ClCompile>
    <ClCompile Include="BlockPartGraphics_Blue.cpp">
      <Filter>Quelldateien</Filter>
    </ClCompile>
    <ClCompile Include="BlockPartGraphics_Green.cpp">
      <Filter>Quelldateien</Filter>
    </ClCompile>
    <ClCompile Include="BlockPartGraphics_Yellow.cpp">
      <Filter>Quelldateien</Filter>
    </ClCompile>
    <ClCompile Include="BlockPartGraphics_Cyan.cpp">
      <Filter>Quelldateien</Filter>
    </ClCompile>
    <ClCompile Include="BlockPartGraphics_Magenta.cpp">
      <Filter>Quelldateien</Filter>
    </ClCompile>
    <ClCompile Include="PreviewWindow.cpp">
      <Filter>Quelldateien</Filter>
    </ClCompile>
    <ClCompile Include="PreviewWindowGraphics.cpp">
      <Filter>Quelldateien</Filter>
    </ClCompile>
  </ItemGroup>
</Project>